
Microsoft Visual Studio Solution File, Format Version 12.00
# Visual Studio Version 17
VisualStudioVersion = 17.0.31903.59
MinimumVisualStudioVersion = 10.0.40219.1
Project("{2150E333-8FDC-42A3-9474-1A3956D46DE8}") = "src", "src", "{827E0CD3-B72D-47B6-A68D-7590B98EB39B}"
EndProject
Project("{FAE04EC0-301F-11D3-BF4B-00C04F79EFBC}") = "sZIP.App", "src\sZIP.App\sZIP.App.csproj", "{38BD9950-7379-494D-9D4A-A599EE3F8A14}"
EndProject
Project("{FAE04EC0-301F-11D3-BF4B-00C04F79EFBC}") = "sZIP.Application", "src\sZIP.Application\sZIP.Application.csproj", "{61908D05-6A09-434E-A61A-BC28E1F9A7AA}"
EndProject
Project("{FAE04EC0-301F-11D3-BF4B-00C04F79EFBC}") = "sZIP.Domain", "src\sZIP.Domain\sZIP.Domain.csproj", "{ADAD5ADE-CB28-4ACA-8DC1-EB2D644DEE32}"
EndProject
Project("{FAE04EC0-301F-11D3-BF4B-00C04F79EFBC}") = "sZIP.Archive", "src\sZIP.Archive\sZIP.Archive.csproj", "{C13693B8-CEBA-4891-8AC4-EB93B9F0617B}"
EndProject
Project("{FAE04EC0-301F-11D3-BF4B-00C04F79EFBC}") = "sZIP.Watcher", "src\sZIP.Watcher\sZIP.Watcher.csproj", "{3F33F315-1853-40F3-908A-1312129C2738}"
EndProject
Project("{FAE04EC0-301F-11D3-BF4B-00C04F79EFBC}") = "sZIP.Infrastructure", "src\sZIP.Infrastructure\sZIP.Infrastructure.csproj", "{13EA262A-865B-4AAD-8CFC-72DC049EEA58}"
EndProject
Project("{2150E333-8FDC-42A3-9474-1A3956D46DE8}") = "tests", "tests", "{0AB3BF05-4346-4AA6-1389-037BE0695223}"
EndProject
Project("{FAE04EC0-301F-11D3-BF4B-00C04F79EFBC}") = "sZIP.Tests", "tests\sZIP.Tests\sZIP.Tests.csproj", "{FCDAFE3F-C61B-4BBA-93BC-BC13B4170201}"
EndProject
Global
	GlobalSection(SolutionConfigurationPlatforms) = preSolution
		Debug|Any CPU = Debug|Any CPU
		Debug|x64 = Debug|x64
		Debug|x86 = Debug|x86
		Release|Any CPU = Release|Any CPU
		Release|x64 = Release|x64
		Release|x86 = Release|x86
	EndGlobalSection
	GlobalSection(ProjectConfigurationPlatforms) = postSolution
		{38BD9950-7379-494D-9D4A-A599EE3F8A14}.Debug|Any CPU.ActiveCfg = Debug|Any CPU
		{38BD9950-7379-494D-9D4A-A599EE3F8A14}.Debug|Any CPU.Build.0 = Debug|Any CPU
		{38BD9950-7379-494D-9D4A-A599EE3F8A14}.Debug|x64.ActiveCfg = Debug|Any CPU
		{38BD9950-7379-494D-9D4A-A599EE3F8A14}.Debug|x64.Build.0 = Debug|Any CPU
		{38BD9950-7379-494D-9D4A-A599EE3F8A14}.Debug|x86.ActiveCfg = Debug|Any CPU
		{38BD9950-7379-494D-9D4A-A599EE3F8A14}.Debug|x86.Build.0 = Debug|Any CPU
		{38BD9950-7379-494D-9D4A-A599EE3F8A14}.Release|Any CPU.ActiveCfg = Release|Any CPU
		{38BD9950-7379-494D-9D4A-A599EE3F8A14}.Release|Any CPU.Build.0 = Release|Any CPU
		{38BD9950-7379-494D-9D4A-A599EE3F8A14}.Release|x64.ActiveCfg = Release|Any CPU
		{38BD9950-7379-494D-9D4A-A599EE3F8A14}.Release|x64.Build.0 = Release|Any CPU
		{38BD9950-7379-494D-9D4A-A599EE3F8A14}.Release|x86.ActiveCfg = Release|Any CPU
		{38BD9950-7379-494D-9D4A-A599EE3F8A14}.Release|x86.Build.0 = Release|Any CPU
		{61908D05-6A09-434E-A61A-BC28E1F9A7AA}.Debug|Any CPU.ActiveCfg = Debug|Any CPU
		{61908D05-6A09-434E-A61A-BC28E1F9A7AA}.Debug|Any CPU.Build.0 = Debug|Any CPU
		{61908D05-6A09-434E-A61A-BC28E1F9A7AA}.Debug|x64.ActiveCfg = Debug|Any CPU
		{61908D05-6A09-434E-A61A-BC28E1F9A7AA}.Debug|x64.Build.0 = Debug|Any CPU
		{61908D05-6A09-434E-A61A-BC28E1F9A7AA}.Debug|x86.ActiveCfg = Debug|Any CPU
		{61908D05-6A09-434E-A61A-BC28E1F9A7AA}.Debug|x86.Build.0 = Debug|Any CPU
		{61908D05-6A09-434E-A61A-BC28E1F9A7AA}.Release|Any CPU.ActiveCfg = Release|Any CPU
		{61908D05-6A09-434E-A61A-BC28E1F9A7AA}.Release|Any CPU.Build.0 = Release|Any CPU
		{61908D05-6A09-434E-A61A-BC28E1F9A7AA}.Release|x64.ActiveCfg = Release|Any CPU
		{61908D05-6A09-434E-A61A-BC28E1F9A7AA}.Release|x64.Build.0 = Release|Any CPU
		{61908D05-6A09-434E-A61A-BC28E1F9A7AA}.Release|x86.ActiveCfg = Release|Any CPU
		{61908D05-6A09-434E-A61A-BC28E1F9A7AA}.Release|x86.Build.0 = Release|Any CPU
		{ADAD5ADE-CB28-4ACA-8DC1-EB2D644DEE32}.Debug|Any CPU.ActiveCfg = Debug|Any CPU
		{ADAD5ADE-CB28-4ACA-8DC1-EB2D644DEE32}.Debug|Any CPU.Build.0 = Debug|Any CPU
		{ADAD5ADE-CB28-4ACA-8DC1-EB2D644DEE32}.Debug|x64.ActiveCfg = Debug|Any CPU
		{ADAD5ADE-CB28-4ACA-8DC1-EB2D644DEE32}.Debug|x64.Build.0 = Debug|Any CPU
		{ADAD5ADE-CB28-4ACA-8DC1-EB2D644DEE32}.Debug|x86.ActiveCfg = Debug|Any CPU
		{ADAD5ADE-CB28-4ACA-8DC1-EB2D644DEE32}.Debug|x86.Build.0 = Debug|Any CPU
		{ADAD5ADE-CB28-4ACA-8DC1-EB2D644DEE32}.Release|Any CPU.ActiveCfg = Release|Any CPU
		{ADAD5ADE-CB28-4ACA-8DC1-EB2D644DEE32}.Release|Any CPU.Build.0 = Release|Any CPU
		{ADAD5ADE-CB28-4ACA-8DC1-EB2D644DEE32}.Release|x64.ActiveCfg = Release|Any CPU
		{ADAD5ADE-CB28-4ACA-8DC1-EB2D644DEE32}.Release|x64.Build.0 = Release|Any CPU
		{ADAD5ADE-CB28-4ACA-8DC1-EB2D644DEE32}.Release|x86.ActiveCfg = Release|Any CPU
		{ADAD5ADE-CB28-4ACA-8DC1-EB2D644DEE32}.Release|x86.Build.0 = Release|Any CPU
		{C13693B8-CEBA-4891-8AC4-EB93B9F0617B}.Debug|Any CPU.ActiveCfg = Debug|Any CPU
		{C13693B8-CEBA-4891-8AC4-EB93B9F0617B}.Debug|Any CPU.Build.0 = Debug|Any CPU
		{C13693B8-CEBA-4891-8AC4-EB93B9F0617B}.Debug|x64.ActiveCfg = Debug|Any CPU
		{C13693B8-CEBA-4891-8AC4-EB93B9F0617B}.Debug|x64.Build.0 = Debug|Any CPU
		{C13693B8-CEBA-4891-8AC4-EB93B9F0617B}.Debug|x86.ActiveCfg = Debug|Any CPU
		{C13693B8-CEBA-4891-8AC4-EB93B9F0617B}.Debug|x86.Build.0 = Debug|Any CPU
		{C13693B8-CEBA-4891-8AC4-EB93B9F0617B}.Release|Any CPU.ActiveCfg = Release|Any CPU
		{C13693B8-CEBA-4891-8AC4-EB93B9F0617B}.Release|Any CPU.Build.0 = Release|Any CPU
		{C13693B8-CEBA-4891-8AC4-EB93B9F0617B}.Release|x64.ActiveCfg = Release|Any CPU
		{C13693B8-CEBA-4891-8AC4-EB93B9F0617B}.Release|x64.Build.0 = Release|Any CPU
		{C13693B8-CEBA-4891-8AC4-EB93B9F0617B}.Release|x86.ActiveCfg = Release|Any CPU
		{C13693B8-CEBA-4891-8AC4-EB93B9F0617B}.Release|x86.Build.0 = Release|Any CPU
		{3F33F315-1853-40F3-908A-1312129C2738}.Debug|Any CPU.ActiveCfg = Debug|Any CPU
		{3F33F315-1853-40F3-908A-1312129C2738}.Debug|Any CPU.Build.0 = Debug|Any CPU
		{3F33F315-1853-40F3-908A-1312129C2738}.Debug|x64.ActiveCfg = Debug|Any CPU
		{3F33F315-1853-40F3-908A-1312129C2738}.Debug|x64.Build.0 = Debug|Any CPU
		{3F33F315-1853-40F3-908A-1312129C2738}.Debug|x86.ActiveCfg = Debug|Any CPU
		{3F33F315-1853-40F3-908A-1312129C2738}.Debug|x86.Build.0 = Debug|Any CPU
		{3F33F315-1853-40F3-908A-1312129C2738}.Release|Any CPU.ActiveCfg = Release|Any CPU
		{3F33F315-1853-40F3-908A-1312129C2738}.Release|Any CPU.Build.0 = Release|Any CPU
		{3F33F315-1853-40F3-908A-1312129C2738}.Release|x64.ActiveCfg = Release|Any CPU
		{3F33F315-1853-40F3-908A-1312129C2738}.Release|x64.Build.0 = Release|Any CPU
		{3F33F315-1853-40F3-908A-1312129C2738}.Release|x86.ActiveCfg = Release|Any CPU
		{3F33F315-1853-40F3-908A-1312129C2738}.Release|x86.Build.0 = Release|Any CPU
		{13EA262A-865B-4AAD-8CFC-72DC049EEA58}.Debug|Any CPU.ActiveCfg = Debug|Any CPU
		{13EA262A-865B-4AAD-8CFC-72DC049EEA58}.Debug|Any CPU.Build.0 = Debug|Any CPU
		{13EA262A-865B-4AAD-8CFC-72DC049EEA58}.Debug|x64.ActiveCfg = Debug|Any CPU
		{13EA262A-865B-4AAD-8CFC-72DC049EEA58}.Debug|x64.Build.0 = Debug|Any CPU
		{13EA262A-865B-4AAD-8CFC-72DC049EEA58}.Debug|x86.ActiveCfg = Debug|Any CPU
		{13EA262A-865B-4AAD-8CFC-72DC049EEA58}.Debug|x86.Build.0 = Debug|Any CPU
		{13EA262A-865B-4AAD-8CFC-72DC049EEA58}.Release|Any CPU.ActiveCfg = Release|Any CPU
		{13EA262A-865B-4AAD-8CFC-72DC049EEA58}.Release|Any CPU.Build.0 = Release|Any CPU
		{13EA262A-865B-4AAD-8CFC-72DC049EEA58}.Release|x64.ActiveCfg = Release|Any CPU
		{13EA262A-865B-4AAD-8CFC-72DC049EEA58}.Release|x64.Build.0 = Release|Any CPU
		{13EA262A-865B-4AAD-8CFC-72DC049EEA58}.Release|x86.ActiveCfg = Release|Any CPU
		{13EA262A-865B-4AAD-8CFC-72DC049EEA58}.Release|x86.Build.0 = Release|Any CPU
		{FCDAFE3F-C61B-4BBA-93BC-BC13B4170201}.Debug|Any CPU.ActiveCfg = Debug|Any CPU
		{FCDAFE3F-C61B-4BBA-93BC-BC13B4170201}.Debug|Any CPU.Build.0 = Debug|Any CPU
		{FCDAFE3F-C61B-4BBA-93BC-BC13B4170201}.Debug|x64.ActiveCfg = Debug|Any CPU
		{FCDAFE3F-C61B-4BBA-93BC-BC13B4170201}.Debug|x64.Build.0 = Debug|Any CPU
		{FCDAFE3F-C61B-4BBA-93BC-BC13B4170201}.Debug|x86.ActiveCfg = Debug|Any CPU
		{FCDAFE3F-C61B-4BBA-93BC-BC13B4170201}.Debug|x86.Build.0 = Debug|Any CPU
		{FCDAFE3F-C61B-4BBA-93BC-BC13B4170201}.Release|Any CPU.ActiveCfg = Release|Any CPU
		{FCDAFE3F-C61B-4BBA-93BC-BC13B4170201}.Release|Any CPU.Build.0 = Release|Any CPU
		{FCDAFE3F-C61B-4BBA-93BC-BC13B4170201}.Release|x64.ActiveCfg = Release|Any CPU
		{FCDAFE3F-C61B-4BBA-93BC-BC13B4170201}.Release|x64.Build.0 = Release|Any CPU
		{FCDAFE3F-C61B-4BBA-93BC-BC13B4170201}.Release|x86.ActiveCfg = Release|Any CPU
		{FCDAFE3F-C61B-4BBA-93BC-BC13B4170201}.Release|x86.Build.0 = Release|Any CPU
	EndGlobalSection
	GlobalSection(SolutionProperties) = preSolution
		HideSolutionNode = FALSE
	EndGlobalSection
	GlobalSection(NestedProjects) = preSolution
		{38BD9950-7379-494D-9D4A-A599EE3F8A14} = {827E0CD3-B72D-47B6-A68D-7590B98EB39B}
		{61908D05-6A09-434E-A61A-BC28E1F9A7AA} = {827E0CD3-B72D-47B6-A68D-7590B98EB39B}
		{ADAD5ADE-CB28-4ACA-8DC1-EB2D644DEE32} = {827E0CD3-B72D-47B6-A68D-7590B98EB39B}
		{C13693B8-CEBA-4891-8AC4-EB93B9F0617B} = {827E0CD3-B72D-47B6-A68D-7590B98EB39B}
		{3F33F315-1853-40F3-908A-1312129C2738} = {827E0CD3-B72D-47B6-A68D-7590B98EB39B}
		{13EA262A-865B-4AAD-8CFC-72DC049EEA58} = {827E0CD3-B72D-47B6-A68D-7590B98EB39B}
		{FCDAFE3F-C61B-4BBA-93BC-BC13B4170201} = {0AB3BF05-4346-4AA6-1389-037BE0695223}
	EndGlobalSection
EndGlobal
